
Microsoft Visual Studio Solution File, Format Version 12.00
# Visual Studio 14
VisualStudioVersion = 14.0.24720.0
MinimumVisualStudioVersion = 10.0.40219.1
Project("{2150E333-8FDC-42A3-9474-1A3956D46DE8}") = "src", "src", "{79352A19-FBBD-473D-95E4-6ED79664BEFC}"
EndProject
Project("{2150E333-8FDC-42A3-9474-1A3956D46DE8}") = "Solution Items", "Solution Items", "{B4686C14-10C8-464D-8646-50CDFDA22E86}"
	ProjectSection(SolutionItems) = preProject
		global.json = global.json
	EndProjectSection
EndProject
Project("{8BB2217D-0F2D-49D1-97BC-3654ED321F3B}") = "CourseFantastic.Api", "src\CourseFantastic.Api\CourseFantastic.Api.xproj", "{60D46E31-3B47-4F7A-A6AD-AC5DF82521D0}"
EndProject
Project("{8BB2217D-0F2D-49D1-97BC-3654ED321F3B}") = "CourseFantastic.Domain", "src\CourseFantastic.Domain\CourseFantastic.Domain.xproj", "{A01BEE49-837E-418B-BC3A-C121135F7452}"
EndProject
Project("{F088123C-0E9E-452A-89E6-6BA2F21D5CAC}") = "Modeling", "Modeling\Modeling.modelproj", "{37B69FF3-CE38-42D9-A960-2F053CA611F2}"
EndProject
Project("{E24C65DC-7377-472B-9ABA-BC803B73C61A}") = "CourseFantastic.WebApp", "src\CourseFantastic.WebApp\", "{5DF8117B-DC9A-4751-8DEA-3493554014E5}"
	ProjectSection(WebsiteProperties) = preProject
		TargetFrameworkMoniker = ".NETFramework,Version%3Dv4.0"
		Debug.AspNetCompiler.VirtualPath = "/localhost_18458"
		Debug.AspNetCompiler.PhysicalPath = "src\CourseFantastic.WebApp\"
		Debug.AspNetCompiler.TargetPath = "PrecompiledWeb\localhost_18458\"
		Debug.AspNetCompiler.Updateable = "true"
		Debug.AspNetCompiler.ForceOverwrite = "true"
		Debug.AspNetCompiler.FixedNames = "false"
		Debug.AspNetCompiler.Debug = "True"
		Release.AspNetCompiler.VirtualPath = "/localhost_18458"
		Release.AspNetCompiler.PhysicalPath = "src\CourseFantastic.WebApp\"
		Release.AspNetCompiler.TargetPath = "PrecompiledWeb\localhost_18458\"
		Release.AspNetCompiler.Updateable = "true"
		Release.AspNetCompiler.ForceOverwrite = "true"
		Release.AspNetCompiler.FixedNames = "false"
		Release.AspNetCompiler.Debug = "False"
		VWDPort = "18458"
		SlnRelativePath = "src\CourseFantastic.WebApp\"
	EndProjectSection
EndProject
Project("{8BB2217D-0F2D-49D1-97BC-3654ED321F3B}") = "CourseFantastic.DataAccess", "src\CourseFantastic.DataAccess\CourseFantastic.DataAccess.xproj", "{305A5B5D-E018-4698-9729-8411DE757469}"
EndProject
Project("{8BB2217D-0F2D-49D1-97BC-3654ED321F3B}") = "CourseFantastic.Parse", "src\CourseFantastic.Parse\CourseFantastic.Parse.xproj", "{6FEF25A6-EDBB-49D5-8300-97A9D1D5AC0E}"
EndProject
Project("{8BB2217D-0F2D-49D1-97BC-3654ED321F3B}") = "CourseFantastic.Application", "src\CourseFantastic.Application\CourseFantastic.Application.xproj", "{7BF95505-4C8A-4EE9-965E-9FB1FA740313}"
EndProject
Global
	GlobalSection(SolutionConfigurationPlatforms) = preSolution
		Debug|Any CPU = Debug|Any CPU
		Release|Any CPU = Release|Any CPU
	EndGlobalSection
	GlobalSection(ProjectConfigurationPlatforms) = postSolution
		{60D46E31-3B47-4F7A-A6AD-AC5DF82521D0}.Debug|Any CPU.ActiveCfg = Debug|Any CPU
		{60D46E31-3B47-4F7A-A6AD-AC5DF82521D0}.Debug|Any CPU.Build.0 = Debug|Any CPU
		{60D46E31-3B47-4F7A-A6AD-AC5DF82521D0}.Release|Any CPU.ActiveCfg = Release|Any CPU
		{60D46E31-3B47-4F7A-A6AD-AC5DF82521D0}.Release|Any CPU.Build.0 = Release|Any CPU
		{A01BEE49-837E-418B-BC3A-C121135F7452}.Debug|Any CPU.ActiveCfg = Debug|Any CPU
		{A01BEE49-837E-418B-BC3A-C121135F7452}.Debug|Any CPU.Build.0 = Debug|Any CPU
		{A01BEE49-837E-418B-BC3A-C121135F7452}.Release|Any CPU.ActiveCfg = Release|Any CPU
		{A01BEE49-837E-418B-BC3A-C121135F7452}.Release|Any CPU.Build.0 = Release|Any CPU
		{37B69FF3-CE38-42D9-A960-2F053CA611F2}.Debug|Any CPU.ActiveCfg = Debug|Any CPU
		{37B69FF3-CE38-42D9-A960-2F053CA611F2}.Debug|Any CPU.Build.0 = Debug|Any CPU
		{37B69FF3-CE38-42D9-A960-2F053CA611F2}.Release|Any CPU.ActiveCfg = Release|Any CPU
		{37B69FF3-CE38-42D9-A960-2F053CA611F2}.Release|Any CPU.Build.0 = Release|Any CPU
		{5DF8117B-DC9A-4751-8DEA-3493554014E5}.Debug|Any CPU.ActiveCfg = Debug|Any CPU
		{5DF8117B-DC9A-4751-8DEA-3493554014E5}.Debug|Any CPU.Build.0 = Debug|Any CPU
		{5DF8117B-DC9A-4751-8DEA-3493554014E5}.Release|Any CPU.ActiveCfg = Debug|Any CPU
		{5DF8117B-DC9A-4751-8DEA-3493554014E5}.Release|Any CPU.Build.0 = Debug|Any CPU
		{305A5B5D-E018-4698-9729-8411DE757469}.Debug|Any CPU.ActiveCfg = Debug|Any CPU
		{305A5B5D-E018-4698-9729-8411DE757469}.Debug|Any CPU.Build.0 = Debug|Any CPU
		{305A5B5D-E018-4698-9729-8411DE757469}.Release|Any CPU.ActiveCfg = Release|Any CPU
		{305A5B5D-E018-4698-9729-8411DE757469}.Release|Any CPU.Build.0 = Release|Any CPU
		{6FEF25A6-EDBB-49D5-8300-97A9D1D5AC0E}.Debug|Any CPU.ActiveCfg = Debug|Any CPU
		{6FEF25A6-EDBB-49D5-8300-97A9D1D5AC0E}.Debug|Any CPU.Build.0 = Debug|Any CPU
		{6FEF25A6-EDBB-49D5-8300-97A9D1D5AC0E}.Release|Any CPU.ActiveCfg = Release|Any CPU
		{6FEF25A6-EDBB-49D5-8300-97A9D1D5AC0E}.Release|Any CPU.Build.0 = Release|Any CPU
		{7BF95505-4C8A-4EE9-965E-9FB1FA740313}.Debug|Any CPU.ActiveCfg = Debug|Any CPU
		{7BF95505-4C8A-4EE9-965E-9FB1FA740313}.Debug|Any CPU.Build.0 = Debug|Any CPU
		{7BF95505-4C8A-4EE9-965E-9FB1FA740313}.Release|Any CPU.ActiveCfg = Release|Any CPU
		{7BF95505-4C8A-4EE9-965E-9FB1FA740313}.Release|Any CPU.Build.0 = Release|Any CPU
	EndGlobalSection
	GlobalSection(SolutionProperties) = preSolution
		HideSolutionNode = FALSE
	EndGlobalSection
	GlobalSection(NestedProjects) = preSolution
		{60D46E31-3B47-4F7A-A6AD-AC5DF82521D0} = {79352A19-FBBD-473D-95E4-6ED79664BEFC}
		{A01BEE49-837E-418B-BC3A-C121135F7452} = {79352A19-FBBD-473D-95E4-6ED79664BEFC}
		{5DF8117B-DC9A-4751-8DEA-3493554014E5} = {79352A19-FBBD-473D-95E4-6ED79664BEFC}
		{305A5B5D-E018-4698-9729-8411DE757469} = {79352A19-FBBD-473D-95E4-6ED79664BEFC}
		{6FEF25A6-EDBB-49D5-8300-97A9D1D5AC0E} = {79352A19-FBBD-473D-95E4-6ED79664BEFC}
		{7BF95505-4C8A-4EE9-965E-9FB1FA740313} = {79352A19-FBBD-473D-95E4-6ED79664BEFC}
	EndGlobalSection
EndGlobal
